
Microsoft Visual Studio Solution File, Format Version 12.00
# Visual Studio Version 17
VisualStudioVersion = 17.8.34525.116
MinimumVisualStudioVersion = 10.0.40219.1
Project("{FAE04EC0-301F-11D3-BF4B-00C04F79EFBC}") = "Scrapping", "Scrapping.csproj", "{7B02A153-8D18-4720-B768-C7B753BA26CA}"
EndProject
Global
	GlobalSection(SolutionConfigurationPlatforms) = preSolution
		Debug|Any CPU = Debug|Any CPU
		Release|Any CPU = Release|Any CPU
	EndGlobalSection
	GlobalSection(ProjectConfigurationPlatforms) = postSolution
		{7B02A153-8D18-4720-B768-C7B753BA26CA}.Debug|Any CPU.ActiveCfg = Debug|Any CPU
		{7B02A153-8D18-4720-B768-C7B753BA26CA}.Debug|Any CPU.Build.0 = Debug|Any CPU
		{7B02A153-8D18-4720-B768-C7B753BA26CA}.Release|Any CPU.ActiveCfg = Release|Any CPU
		{7B02A153-8D18-4720-B768-C7B753BA26CA}.Release|Any CPU.Build.0 = Release|Any CPU
	EndGlobalSection
	GlobalSection(SolutionProperties) = preSolution
		HideSolutionNode = FALSE
	EndGlobalSection
	GlobalSection(ExtensibilityGlobals) = postSolution
		SolutionGuid = {74179C6D-6761-4DAE-9C67-12C1A6738387}
	EndGlobalSection
EndGlobal
